dependencies:
- name: jupyterhub
  repository: https://jupyterhub.github.io/helm-chart/
  version: 3.1.0
- name: fusex
  repository: https://registry.cern.ch/chartrepo/eos
  version: 0.1.3
- name: eosxd
  repository: http://registry.cern.ch/chartrepo/cern
  version: 5.1.27-1
- name: cvmfs
  repository: oci://registry.cern.ch/sciencebox/charts
  version: 0.0.8
- name: cvmfs-csi
  repository: http://registry.cern.ch/chartrepo/cern
  version: 0.1.0
digest: sha256:3eac4448e52537f505f81f044fdf3e3f0b7b2967fa357a6567c5ae450ec7957e
generated: "2023-10-17T13:12:20.679327104+02:00"
