dependencies:
- name: binderhub
  repository: https://jupyterhub.github.io/helm-chart/
  version: 0.2.0-n870.h3d61c7a
- name: fusex
  repository: https://registry.cern.ch/chartrepo/eos
  version: 0.1.0
- name: eosxd
  repository: http://registry.cern.ch/chartrepo/cern
  version: 0.3.1
- name: cvmfs
  repository: https://registry.cern.ch/chartrepo/sciencebox
  version: 0.0.5
- name: cvmfs-csi
  repository: http://registry.cern.ch/chartrepo/cern
  version: 0.1.0
digest: sha256:c7dc7437e90f98b5b0a60b46fd09d682ea03c0e51f94e4f71aa25bb470463a89
generated: "2022-02-17T18:42:17.463481918+01:00"
