dependencies:
- name: jupyterhub
  repository: https://jupyterhub.github.io/helm-chart/
  version: 0.11.1
- name: fusex
  repository: https://registry.cern.ch/chartrepo/eos
  version: 0.1.0
- name: eosxd
  repository: http://registry.cern.ch/chartrepo/cern
  version: 0.2.8
- name: cvmfs
  repository: https://registry.cern.ch/chartrepo/sciencebox
  version: 0.0.4
- name: cvmfs-csi
  repository: http://registry.cern.ch/chartrepo/cern
  version: 0.1.0
digest: sha256:f98e8806ecbeb22c2ffbed551dd6ff6c886308d993a9db86bbedbc0bdbbfc7ad
generated: "2021-09-06T15:49:06.770062348+02:00"
