dependencies:
- name: gpu-operator-cern
  repository: oci://registry.cern.ch/kubernetes/charts
  version: 0.0.2
- name: cern-it-monitoring-kubernetes
  repository: oci://registry.cern.ch/monit
  version: 3.1.0
- name: kafka-streams-apps
  repository: oci://registry.cern.ch/swan/charts
  version: 0.0.5
digest: sha256:811f0a48fcb87878a8bddfc18aa24d021374c3ee6e0dbc601c1df2adada0d436
generated: "2025-08-12T14:46:14.473126359+02:00"
