dependencies:
- name: swan
  repository: oci://registry.cern.ch/swan/charts
  version: 2.1.13
- name: fluentd
  repository: https://fluent.github.io/helm-charts
  version: 0.4.3
- name: gpu-operator
  repository: oci://registry.cern.ch/kubernetes/charts
  version: v22.9.1
digest: sha256:93205ce6cede3e28e7c86d3f23d5b500a3c27661958f9f226b6880961860674d
generated: "2024-06-26T13:55:45.738919697Z"
